# THIS IS AN AUTOGENERATED FILE. DO NOT EDIT THIS FILE DIRECTLY.
# yarn lockfile v1


"@candlelib/conflagrate@0.5.12":
  version "0.5.12"
  resolved "http://192.168.18.12:49155/@candlelib%2fconflagrate/-/conflagrate-0.5.12.tgz#e1df202311d60d1d3cfcca830c8da764b58c9f62"
  integrity sha512-892uRV4UojDal/aFItidBiW/JrsOVjts0+wDqV+JKFBUfmWzM10we0C4pdk1+1t5l2wZwn/lp6fhz0P/HD5rbg==
  dependencies:
    "@candlelib/hydrocarbon" "*"
    "@candlelib/log" "0.3.4"
    "@candlelib/uri" "0.3.6"
    "@candlelib/wind" "0.5.6"

"@candlelib/conflagrate@0.5.8":
  version "0.5.8"
  resolved "http://192.168.18.12:49155/@candlelib%2fconflagrate/-/conflagrate-0.5.8.tgz#8a47340ca675ced24f663ffa177c03397955829e"
  integrity sha512-nR15LiXpat5IYo+wVkhs+7yuiPOsLLv0qRBl8f9iNDrl1PH22kOOCMvapga94xdkZubd+B2luWKEqB8tf18QyA==
  dependencies:
    "@candlelib/hydrocarbon" "0.15.4"
    "@candlelib/log" "0.3.0"
    "@candlelib/uri" "0.3.2"
    "@candlelib/wind" "0.5.4"

"@candlelib/css@0.3.23":
  version "0.3.23"
  resolved "http://192.168.18.12:49155/@candlelib%2fcss/-/css-0.3.23.tgz#044d50de5f298bad6504ba8509b32750a12fed7d"
  integrity sha512-6OnUP8a2R5MZSp0TQji2NxunkRhwVE6XerEZOLRRybuF0xiCiS2N9DGrsG3PDVfSG7Ncq4U9ldh6jnsv/6TsuQ==
  dependencies:
    "@candlelib/conflagrate" "0.5.12"
    "@candlelib/hydrocarbon" "*"
    "@candlelib/uri" "0.3.6"

"@candlelib/cure@0.8.1":
  version "0.8.1"
  resolved "http://192.168.18.12:49155/@candlelib%2fcure/-/cure-0.8.1.tgz#63d8dbd12e47db4d909c4dd4c9f2a10d26b6d3c0"
  integrity sha512-quPc/MDKQJhpvcYqyebaz5sKiTrRNEWv/iZ8u2E+8Nnx1YGe6ZY7VjK9RXtjtOn9FdpoIex6hnpTQ4LgBYJ8Pw==
  dependencies:
    "@candlelib/conflagrate" "0.5.12"
    "@candlelib/hydrocarbon" "*"
    "@candlelib/js" "0.5.28"
    "@candlelib/log" "0.3.4"
    "@candlelib/paraffin" "0.1.28"
    "@candlelib/spark" "0.3.9"
    "@candlelib/uri" "0.3.6"
    "@candlelib/wind" "0.5.6"
    deep-equal "^2.0.1"

"@candlelib/glow@*", "@candlelib/glow@0.5.1":
  version "0.5.1"
  resolved "http://192.168.18.12:49155/@candlelib%2fglow/-/glow-0.5.1.tgz#eec395efabd30f3ae7c6b6f26e2e1744f8034154"
  integrity sha512-ERgr1Zm6lou5nEDpU0zRkGzAZoKXlrwdX+YvQX5dTQnbFVjKC88R00KHVzctEDGO82u3x2iPf7q242ePPRqxOA==
  dependencies:
    "@candlelib/css" "0.3.23"
    "@candlelib/spark" "0.3.9"

"@candlelib/html@0.2.9":
  version "0.2.9"
  resolved "http://192.168.18.12:49155/@candlelib%2fhtml/-/html-0.2.9.tgz#abe669683d5bfad87156a9d00f8fb1792847dd90"
  integrity sha512-iKvJCBSvirLYJrZFAKQQiX6vIWUIcS4wDi7bher0xH2t6DMM5kgfaaISf6GHlpt5FtosBZ+AWul/YGzPCUeXXA==
  dependencies:
    "@candlelib/uri" "0.3.6"
    "@candlelib/wind" "0.5.6"

"@candlelib/hydrocarbon@*", "@candlelib/hydrocarbon@0.15.4":
  version "0.15.4"
  resolved "http://192.168.18.12:49155/@candlelib%2fhydrocarbon/-/hydrocarbon-0.15.4.tgz#59ee95fa8b48c2d9cb064be3ec5fe5303848a429"
  integrity sha512-fJGCBtPqHpH4nX387QHX/PsWcxofpTR5pbAB418bdF+zWlZieEoMSrrfxPePo+Lx8hF0Q3VfLMb5JSwSvgeebg==
  dependencies:
    "@candlelib/conflagrate" "0.5.8"
    "@candlelib/js" "0.5.24"
    "@candlelib/log" "0.3.0"
    "@candlelib/paraffin" "0.1.24"
    "@candlelib/uri" "0.3.2"
    "@candlelib/wind" "0.5.4"

"@candlelib/js@0.5.24":
  version "0.5.24"
  resolved "http://192.168.18.12:49155/@candlelib%2fjs/-/js-0.5.24.tgz#7ebb49da4d1e8b66fd0fd2cf7944f721b910aa0d"
  integrity sha512-qLd4GbmDlaTIKORrLfbFncd5kGrKuAHGFoU13n/mPSkRgBn3NfWkqTGISc3eVxckNIP1oxv4s8SDP5+YGZ/n9g==
  dependencies:
    "@candlelib/conflagrate" "0.5.8"
    "@candlelib/hydrocarbon" "0.15.4"
    "@candlelib/uri" "0.3.2"
    "@candlelib/wind" "0.5.4"

"@candlelib/js@0.5.28":
  version "0.5.28"
  resolved "http://192.168.18.12:49155/@candlelib%2fjs/-/js-0.5.28.tgz#5184fae0178dd293b66ffda217e99e8c98d1a51d"
  integrity sha512-a7a0xqrSjymT0KHZwJayR2Fs2cCfWHgKnGWmEdIoGTqatfo0AO3wuycXeF6ED7DbesoF3wghEi1jdimgVY2GGg==
  dependencies:
    "@candlelib/conflagrate" "0.5.12"
    "@candlelib/hydrocarbon" "*"
    "@candlelib/uri" "0.3.6"
    "@candlelib/wind" "0.5.6"

"@candlelib/lantern@0.2.12":
  version "0.2.12"
  resolved "http://192.168.18.12:49155/@candlelib%2flantern/-/lantern-0.2.12.tgz#8f646298a6bebb29c5aff980a0b2401f181031fb"
  integrity sha512-9k9rxeLviv/gbyCxmGm2nCniibgTtNQMyaitY1sdHegW6JhJS3LzcagZjqgbBmAniEKNQJzSSMbfc8yhK5QIjg==
  dependencies:
    "@candlelib/conflagrate" "0.5.12"
    "@candlelib/css" "0.3.23"
    "@candlelib/glow" "0.5.1"
    "@candlelib/hydrocarbon" "*"
    "@candlelib/js" "0.5.28"
    "@candlelib/log" "0.3.4"
    "@candlelib/paraffin" "0.1.28"
    "@candlelib/spark" "0.3.9"
    "@candlelib/uri" "0.3.6"
    "@candlelib/wick" "0.18.0"
    "@candlelib/wind" "0.5.6"
    node-watch "^0.6.3"

"@candlelib/log@*", "@candlelib/log@0.3.4":
  version "0.3.4"
  resolved "http://192.168.18.12:49155/@candlelib%2flog/-/log-0.3.4.tgz#73e276704e6349b246eb8dc929f797063a88adc5"
  integrity sha512-DKU9yTW91v+2mIZ8t9ko6cPLKpaH9yQLGH0jlq4oIGaAfBbwk4LJAkpNmqNRnv3F3EJRgdpRJQxp7bgjJhyTmw==

"@candlelib/log@0.3.0":
  version "0.3.0"
  resolved "http://192.168.18.12:49155/@candlelib%2flog/-/log-0.3.0.tgz#0b860697bf2e75e71cf335b1ad3532c3f68e0c2f"
  integrity sha512-O9FOPQdO13WC2Y9GuGPFxFNA2KMnOMyeZ9g9vb2HhQsHRMCBsVh78ZCU3MxRtMlpi+Rcizaf/NWub1JgRnLkAQ==

"@candlelib/paraffin@0.1.24":
  version "0.1.24"
  resolved "http://192.168.18.12:49155/@candlelib%2fparaffin/-/paraffin-0.1.24.tgz#120c7714003cf96b13cb170c2444a62c978e3586"
  integrity sha512-Cgkiv9sBLBOp7cvCK5nqiyLYi4W1IRGu2GnPUpfgFOqlVDgZnYH6gDplt+amAr14HOYix28IljQTJ76xqFupHw==
  dependencies:
    "@candlelib/hydrocarbon" "0.15.4"
    "@candlelib/log" "0.3.0"
    "@candlelib/uri" "0.3.2"

"@candlelib/paraffin@0.1.28":
  version "0.1.28"
  resolved "http://192.168.18.12:49155/@candlelib%2fparaffin/-/paraffin-0.1.28.tgz#70188b44df4fc1bb2f41e17d16471c8663aa60a6"
  integrity sha512-CqtPF/Elh/K20MpPUbG1f+Ma3JaKiUenqXPSFqRdnhvkLavkWxI8KCH6nngADbzd0Yi3wlTSYMqBrXKmzsERJQ==
  dependencies:
    "@candlelib/hydrocarbon" "*"
    "@candlelib/log" "0.3.4"
    "@candlelib/uri" "0.3.6"

"@candlelib/spark@0.3.9", "@candlelib/spark@^0.3.6":
  version "0.3.9"
  resolved "http://192.168.18.12:49155/@candlelib%2fspark/-/spark-0.3.9.tgz#51b0946c10471d3673c11c060c1dc44f75d717c4"
  integrity sha512-4fcfXOrUB8WvlvzmSViHHBodX4iuwuYqAWhETA0qa+zmdfPIqt4ECwsvauueYF0SiL0bEFnV3fXhLGUmOc6arg==

"@candlelib/uri@0.3.2":
  version "0.3.2"
  resolved "http://192.168.18.12:49155/@candlelib%2furi/-/uri-0.3.2.tgz#8bfc5db8903f50fb0d527c9516a59bf4a7d8e26c"
  integrity sha512-f9bu/LblDJ+mBIUwH6ersw2u7ff97smN5wCHBryXZLpKNwgkzveUbVTD+6gsXonhX+84Yf/mSe3ews6gr7nAYQ==

"@candlelib/uri@0.3.6":
  version "0.3.6"
  resolved "http://192.168.18.12:49155/@candlelib%2furi/-/uri-0.3.6.tgz#31ca419b716a87332b4c4cb0bb2eaac4728c140a"
  integrity sha512-x/nisvZgTUhfk7H4v5HN6bHJkgnurQhaCETA7HjNrHaNl5G3TGVYYDlGB8b3MKUclSsjAZtzJtZhzEMY5aOoZA==

"@candlelib/wick@*", "@candlelib/wick@0.18.0":
  version "0.18.0"
  resolved "http://192.168.18.12:49155/@candlelib%2fwick/-/wick-0.18.0.tgz#18ed9cb85eafecd4e14b463bf483bb1f3f713bb5"
  integrity sha512-lDAsR/kP8vpCFM4AFVxtaJve4pKD1aVLkU7CtubTmEzmd5c9yC7m4TD1A9IAEbjaGOQhbXQUvnJxumDUfOBORw==
  dependencies:
    "@candlelib/conflagrate" "0.5.12"
    "@candlelib/css" "0.3.23"
    "@candlelib/cure" "0.8.1"
    "@candlelib/glow" "0.5.1"
    "@candlelib/html" "0.2.9"
    "@candlelib/hydrocarbon" "*"
    "@candlelib/js" "0.5.28"
    "@candlelib/lantern" "0.2.12"
    "@candlelib/log" "0.3.4"
    "@candlelib/paraffin" "0.1.28"
    "@candlelib/spark" "0.3.9"
    "@candlelib/uri" "0.3.6"
    "@candlelib/wind" "0.5.6"
    "@types/ws" "^8.2.0"
    esbuild "^0.13.15"
    ws "^8.2.3"

"@candlelib/wind@0.5.4":
  version "0.5.4"
  resolved "http://192.168.18.12:49155/@candlelib%2fwind/-/wind-0.5.4.tgz#30a76620c74d15e919e232f689b426e285b154fe"
  integrity sha512-dLFmWIVWM715sFefBKOs5Vc9sz3MzgVWHkXzwjVP2VtgGQxG8a+nfOS1J0IfoL0l9bFbKntKXc9j79NPepwCaw==

"@candlelib/wind@0.5.6":
  version "0.5.6"
  resolved "http://192.168.18.12:49155/@candlelib%2fwind/-/wind-0.5.6.tgz#a72d134dc6c401b7bfac1ffd9d40a022f9caac3c"
  integrity sha512-G1y//PeEZUP8j6UjMOwuKKEzmGcc6YtggUoXhMryz3ZIIe3b2uaPfrbTrkxZH/YDziV1E0Xgg0P6aTGtNKEMog==

"@fortawesome/fontawesome-free@^5.15.4":
  version "5.15.4"
  resolved "http://192.168.18.12:49155/@fortawesome%2ffontawesome-free/-/fontawesome-free-5.15.4.tgz#ecda5712b61ac852c760d8b3c79c96adca5554e5"
  integrity sha512-eYm8vijH/hpzr/6/1CJ/V/Eb1xQFW2nnUKArb3z+yUWv7HTwj6M7SP957oMjfZjAHU6qpoNc2wQvIxBLWYa/Jg==

"@types/node@*":
  version "16.11.12"
  resolved "http://192.168.18.12:49155/@types%2fnode/-/node-16.11.12.tgz#ac7fb693ac587ee182c3780c26eb65546a1a3c10"
  integrity sha512-+2Iggwg7PxoO5Kyhvsq9VarmPbIelXP070HMImEpbtGCoyWNINQj4wzjbQCXzdHTRXnqufutJb5KAURZANNBAw==

"@types/ws@^8.2.0":
  version "8.2.2"
  resolved "http://192.168.18.12:49155/@types%2fws/-/ws-8.2.2.tgz#7c5be4decb19500ae6b3d563043cd407bf366c21"
  integrity sha512-NOn5eIcgWLOo6qW8AcuLZ7G8PycXu0xTxxkS6Q18VWFxgPUSOwV0pBj2a/4viNZVu25i7RIB7GttdkAIUUXOOg==
  dependencies:
    "@types/node" "*"

available-typed-arrays@^1.0.5:
  version "1.0.5"
  resolved "http://192.168.18.12:49155/available-typed-arrays/-/available-typed-arrays-1.0.5.tgz#92f95616501069d07d10edb2fc37d3e1c65123b7"
  integrity sha512-DMD0KiN46eipeziST1LPP/STfDU0sufISXmjSgvVsoU2tqxctQeASejWcfNtxYKqETM1UxQ8sp2OrSBWpHY6sw==

call-bind@^1.0.0, call-bind@^1.0.2:
  version "1.0.2"
  resolved "http://192.168.18.12:49155/call-bind/-/call-bind-1.0.2.tgz#b1d4e89e688119c3c9a903ad30abb2f6a919be3c"
  integrity sha512-7O+FbCihrB5WGbFYesctwmTKae6rOiIzmz1icreWJ+0aA7LJfuqhEso2T9ncpcFtzMQtzXf2QGGueWJGTYsqrA==
  dependencies:
    function-bind "^1.1.1"
    get-intrinsic "^1.0.2"

deep-equal@^2.0.1:
  version "2.0.5"
  resolved "http://192.168.18.12:49155/deep-equal/-/deep-equal-2.0.5.tgz#55cd2fe326d83f9cbf7261ef0e060b3f724c5cb9"
  integrity sha512-nPiRgmbAtm1a3JsnLCf6/SLfXcjyN5v8L1TXzdCmHrXJ4hx+gW/w1YCcn7z8gJtSiDArZCgYtbao3QqLm/N1Sw==
  dependencies:
    call-bind "^1.0.0"
    es-get-iterator "^1.1.1"
    get-intrinsic "^1.0.1"
    is-arguments "^1.0.4"
    is-date-object "^1.0.2"
    is-regex "^1.1.1"
    isarray "^2.0.5"
    object-is "^1.1.4"
    object-keys "^1.1.1"
    object.assign "^4.1.2"
    regexp.prototype.flags "^1.3.0"
    side-channel "^1.0.3"
    which-boxed-primitive "^1.0.1"
    which-collection "^1.0.1"
    which-typed-array "^1.1.2"

define-properties@^1.1.3:
  version "1.1.3"
  resolved "http://192.168.18.12:49155/define-properties/-/define-properties-1.1.3.tgz#cf88da6cbee26fe6db7094f61d870cbd84cee9f1"
  integrity sha512-3MqfYKj2lLzdMSf8ZIZE/V+Zuy+BgD6f164e8K2w7dgnpKArBDerGYpM46IYYcjnkdPNMjPk9A6VFB8+3SKlXQ==
  dependencies:
    object-keys "^1.0.12"

es-abstract@^1.18.5:
  version "1.19.1"
  resolved "http://192.168.18.12:49155/es-abstract/-/es-abstract-1.19.1.tgz#d4885796876916959de78edaa0df456627115ec3"
  integrity sha512-2vJ6tjA/UfqLm2MPs7jxVybLoB8i1t1Jd9R3kISld20sIxPcTbLuggQOUxeWeAvIUkduv/CfMjuh4WmiXr2v9w==
  dependencies:
    call-bind "^1.0.2"
    es-to-primitive "^1.2.1"
    function-bind "^1.1.1"
    get-intrinsic "^1.1.1"
    get-symbol-description "^1.0.0"
    has "^1.0.3"
    has-symbols "^1.0.2"
    internal-slot "^1.0.3"
    is-callable "^1.2.4"
    is-negative-zero "^2.0.1"
    is-regex "^1.1.4"
    is-shared-array-buffer "^1.0.1"
    is-string "^1.0.7"
    is-weakref "^1.0.1"
    object-inspect "^1.11.0"
    object-keys "^1.1.1"
    object.assign "^4.1.2"
    string.prototype.trimend "^1.0.4"
    string.prototype.trimstart "^1.0.4"
    unbox-primitive "^1.0.1"

es-get-iterator@^1.1.1:
  version "1.1.2"
  resolved "http://192.168.18.12:49155/es-get-iterator/-/es-get-iterator-1.1.2.tgz#9234c54aba713486d7ebde0220864af5e2b283f7"
  integrity sha512-+DTO8GYwbMCwbywjimwZMHp8AuYXOS2JZFWoi2AlPOS3ebnII9w/NLpNZtA7A0YLaVDw+O7KFCeoIV7OPvM7hQ==
  dependencies:
    call-bind "^1.0.2"
    get-intrinsic "^1.1.0"
    has-symbols "^1.0.1"
    is-arguments "^1.1.0"
    is-map "^2.0.2"
    is-set "^2.0.2"
    is-string "^1.0.5"
    isarray "^2.0.5"

es-to-primitive@^1.2.1:
  version "1.2.1"
  resolved "http://192.168.18.12:49155/es-to-primitive/-/es-to-primitive-1.2.1.tgz#e55cd4c9cdc188bcefb03b366c736323fc5c898a"
  integrity sha512-QCOllgZJtaUo9miYBcLChTUaHNjJF3PYs1VidD7AwiEj1kYxKeQTctLAezAOH5ZKRH0g2IgPn6KwB4IT8iRpvA==
  dependencies:
    is-callable "^1.1.4"
    is-date-object "^1.0.1"
    is-symbol "^1.0.2"

esbuild-android-arm64@0.13.15:
  version "0.13.15"
  resolved "http://192.168.18.12:49155/esbuild-android-arm64/-/esbuild-android-arm64-0.13.15.tgz#3fc3ff0bab76fe35dd237476b5d2b32bb20a3d44"
  integrity sha512-m602nft/XXeO8YQPUDVoHfjyRVPdPgjyyXOxZ44MK/agewFFkPa8tUo6lAzSWh5Ui5PB4KR9UIFTSBKh/RrCmg==

esbuild-darwin-64@0.13.15:
  version "0.13.15"
  resolved "http://192.168.18.12:49155/esbuild-darwin-64/-/esbuild-darwin-64-0.13.15.tgz#8e9169c16baf444eacec60d09b24d11b255a8e72"
  integrity sha512-ihOQRGs2yyp7t5bArCwnvn2Atr6X4axqPpEdCFPVp7iUj4cVSdisgvEKdNR7yH3JDjW6aQDw40iQFoTqejqxvQ==

esbuild-darwin-arm64@0.13.15:
  version "0.13.15"
  resolved "http://192.168.18.12:49155/esbuild-darwin-arm64/-/esbuild-darwin-arm64-0.13.15.tgz#1b07f893b632114f805e188ddfca41b2b778229a"
  integrity sha512-i1FZssTVxUqNlJ6cBTj5YQj4imWy3m49RZRnHhLpefFIh0To05ow9DTrXROTE1urGTQCloFUXTX8QfGJy1P8dQ==

esbuild-freebsd-64@0.13.15:
  version "0.13.15"
  resolved "http://192.168.18.12:49155/esbuild-freebsd-64/-/esbuild-freebsd-64-0.13.15.tgz#0b8b7eca1690c8ec94c75680c38c07269c1f4a85"
  integrity sha512-G3dLBXUI6lC6Z09/x+WtXBXbOYQZ0E8TDBqvn7aMaOCzryJs8LyVXKY4CPnHFXZAbSwkCbqiPuSQ1+HhrNk7EA==

esbuild-freebsd-arm64@0.13.15:
  version "0.13.15"
  resolved "http://192.168.18.12:49155/esbuild-freebsd-arm64/-/esbuild-freebsd-arm64-0.13.15.tgz#2e1a6c696bfdcd20a99578b76350b41db1934e52"
  integrity sha512-KJx0fzEDf1uhNOZQStV4ujg30WlnwqUASaGSFPhznLM/bbheu9HhqZ6mJJZM32lkyfGJikw0jg7v3S0oAvtvQQ==

esbuild-linux-32@0.13.15:
  version "0.13.15"
  resolved "http://192.168.18.12:49155/esbuild-linux-32/-/esbuild-linux-32-0.13.15.tgz#6fd39f36fc66dd45b6b5f515728c7bbebc342a69"
  integrity sha512-ZvTBPk0YWCLMCXiFmD5EUtB30zIPvC5Itxz0mdTu/xZBbbHJftQgLWY49wEPSn2T/TxahYCRDWun5smRa0Tu+g==

esbuild-linux-64@0.13.15:
  version "0.13.15"
  resolved "http://192.168.18.12:49155/esbuild-linux-64/-/esbuild-linux-64-0.13.15.tgz#9cb8e4bcd7574e67946e4ee5f1f1e12386bb6dd3"
  integrity sha512-eCKzkNSLywNeQTRBxJRQ0jxRCl2YWdMB3+PkWFo2BBQYC5mISLIVIjThNtn6HUNqua1pnvgP5xX0nHbZbPj5oA==

esbuild-linux-arm64@0.13.15:
  version "0.13.15"
  resolved "http://192.168.18.12:49155/esbuild-linux-arm64/-/esbuild-linux-arm64-0.13.15.tgz#3891aa3704ec579a1b92d2a586122e5b6a2bfba1"
  integrity sha512-bYpuUlN6qYU9slzr/ltyLTR9YTBS7qUDymO8SV7kjeNext61OdmqFAzuVZom+OLW1HPHseBfJ/JfdSlx8oTUoA==

esbuild-linux-arm@0.13.15:
  version "0.13.15"
  resolved "http://192.168.18.12:49155/esbuild-linux-arm/-/esbuild-linux-arm-0.13.15.tgz#8a00e99e6a0c6c9a6b7f334841364d8a2b4aecfe"
  integrity sha512-wUHttDi/ol0tD8ZgUMDH8Ef7IbDX+/UsWJOXaAyTdkT7Yy9ZBqPg8bgB/Dn3CZ9SBpNieozrPRHm0BGww7W/jA==

esbuild-linux-mips64le@0.13.15:
  version "0.13.15"
  resolved "http://192.168.18.12:49155/esbuild-linux-mips64le/-/esbuild-linux-mips64le-0.13.15.tgz#36b07cc47c3d21e48db3bb1f4d9ef8f46aead4f7"
  integrity sha512-KlVjIG828uFPyJkO/8gKwy9RbXhCEUeFsCGOJBepUlpa7G8/SeZgncUEz/tOOUJTcWMTmFMtdd3GElGyAtbSWg==

esbuild-linux-ppc64le@0.13.15:
  version "0.13.15"
  resolved "http://192.168.18.12:49155/esbuild-linux-ppc64le/-/esbuild-linux-ppc64le-0.13.15.tgz#f7e6bba40b9a11eb9dcae5b01550ea04670edad2"
  integrity sha512-h6gYF+OsaqEuBjeesTBtUPw0bmiDu7eAeuc2OEH9S6mV9/jPhPdhOWzdeshb0BskRZxPhxPOjqZ+/OqLcxQwEQ==

esbuild-netbsd-64@0.13.15:
  version "0.13.15"
  resolved "http://192.168.18.12:49155/esbuild-netbsd-64/-/esbuild-netbsd-64-0.13.15.tgz#a2fedc549c2b629d580a732d840712b08d440038"
  integrity sha512-3+yE9emwoevLMyvu+iR3rsa+Xwhie7ZEHMGDQ6dkqP/ndFzRHkobHUKTe+NCApSqG5ce2z4rFu+NX/UHnxlh3w==

esbuild-openbsd-64@0.13.15:
  version "0.13.15"
  resolved "http://192.168.18.12:49155/esbuild-openbsd-64/-/esbuild-openbsd-64-0.13.15.tgz#b22c0e5806d3a1fbf0325872037f885306b05cd7"
  integrity sha512-wTfvtwYJYAFL1fSs8yHIdf5GEE4NkbtbXtjLWjM3Cw8mmQKqsg8kTiqJ9NJQe5NX/5Qlo7Xd9r1yKMMkHllp5g==

esbuild-sunos-64@0.13.15:
  version "0.13.15"
  resolved "http://192.168.18.12:49155/esbuild-sunos-64/-/esbuild-sunos-64-0.13.15.tgz#d0b6454a88375ee8d3964daeff55c85c91c7cef4"
  integrity sha512-lbivT9Bx3t1iWWrSnGyBP9ODriEvWDRiweAs69vI+miJoeKwHWOComSRukttbuzjZ8r1q0mQJ8Z7yUsDJ3hKdw==

esbuild-windows-32@0.13.15:
  version "0.13.15"
  resolved "http://192.168.18.12:49155/esbuild-windows-32/-/esbuild-windows-32-0.13.15.tgz#c96d0b9bbb52f3303322582ef8e4847c5ad375a7"
  integrity sha512-fDMEf2g3SsJ599MBr50cY5ve5lP1wyVwTe6aLJsM01KtxyKkB4UT+fc5MXQFn3RLrAIAZOG+tHC+yXObpSn7Nw==

esbuild-windows-64@0.13.15:
  version "0.13.15"
  resolved "http://192.168.18.12:49155/esbuild-windows-64/-/esbuild-windows-64-0.13.15.tgz#1f79cb9b1e1bb02fb25cd414cb90d4ea2892c294"
  integrity sha512-9aMsPRGDWCd3bGjUIKG/ZOJPKsiztlxl/Q3C1XDswO6eNX/Jtwu4M+jb6YDH9hRSUflQWX0XKAfWzgy5Wk54JQ==

esbuild-windows-arm64@0.13.15:
  version "0.13.15"
  resolved "http://192.168.18.12:49155/esbuild-windows-arm64/-/esbuild-windows-arm64-0.13.15.tgz#482173070810df22a752c686509c370c3be3b3c3"
  integrity sha512-zzvyCVVpbwQQATaf3IG8mu1IwGEiDxKkYUdA4FpoCHi1KtPa13jeScYDjlW0Qh+ebWzpKfR2ZwvqAQkSWNcKjA==

esbuild@^0.13.15:
  version "0.13.15"
  resolved "http://192.168.18.12:49155/esbuild/-/esbuild-0.13.15.tgz#db56a88166ee373f87dbb2d8798ff449e0450cdf"
  integrity sha512-raCxt02HBKv8RJxE8vkTSCXGIyKHdEdGfUmiYb8wnabnaEmHzyW7DCHb5tEN0xU8ryqg5xw54mcwnYkC4x3AIw==
  optionalDependencies:
    esbuild-android-arm64 "0.13.15"
    esbuild-darwin-64 "0.13.15"
    esbuild-darwin-arm64 "0.13.15"
    esbuild-freebsd-64 "0.13.15"
    esbuild-freebsd-arm64 "0.13.15"
    esbuild-linux-32 "0.13.15"
    esbuild-linux-64 "0.13.15"
    esbuild-linux-arm "0.13.15"
    esbuild-linux-arm64 "0.13.15"
    esbuild-linux-mips64le "0.13.15"
    esbuild-linux-ppc64le "0.13.15"
    esbuild-netbsd-64 "0.13.15"
    esbuild-openbsd-64 "0.13.15"
    esbuild-sunos-64 "0.13.15"
    esbuild-windows-32 "0.13.15"
    esbuild-windows-64 "0.13.15"
    esbuild-windows-arm64 "0.13.15"

foreach@^2.0.5:
  version "2.0.5"
  resolved "http://192.168.18.12:49155/foreach/-/foreach-2.0.5.tgz#0bee005018aeb260d0a3af3ae658dd0136ec1b99"
  integrity sha1-C+4AUBiusmDQo6865ljdATbsG5k=

function-bind@^1.1.1:
  version "1.1.1"
  resolved "http://192.168.18.12:49155/function-bind/-/function-bind-1.1.1.tgz#a56899d3ea3c9bab874bb9773b7c5ede92f4895d"
  integrity sha512-yIovAzMX49sF8Yl58fSCWJ5svSLuaibPxXQJFLmBObTuCr0Mf1KiPopGM9NiFjiYBCbfaa2Fh6breQ6ANVTI0A==

get-intrinsic@^1.0.1, get-intrinsic@^1.0.2, get-intrinsic@^1.1.0, get-intrinsic@^1.1.1:
  version "1.1.1"
  resolved "http://192.168.18.12:49155/get-intrinsic/-/get-intrinsic-1.1.1.tgz#15f59f376f855c446963948f0d24cd3637b4abc6"
  integrity sha512-kWZrnVM42QCiEA2Ig1bG8zjoIMOgxWwYCEeNdwY6Tv/cOSeGpcoX4pXHfKUxNKVoArnrEr2e9srnAxxGIraS9Q==
  dependencies:
    function-bind "^1.1.1"
    has "^1.0.3"
    has-symbols "^1.0.1"

get-symbol-description@^1.0.0:
  version "1.0.0"
  resolved "http://192.168.18.12:49155/get-symbol-description/-/get-symbol-description-1.0.0.tgz#7fdb81c900101fbd564dd5f1a30af5aadc1e58d6"
  integrity sha512-2EmdH1YvIQiZpltCNgkuiUnyukzxM/R6NDJX31Ke3BG1Nq5b0S2PhX59UKi9vZpPDQVdqn+1IcaAwnzTT5vCjw==
  dependencies:
    call-bind "^1.0.2"
    get-intrinsic "^1.1.1"

has-bigints@^1.0.1:
  version "1.0.1"
  resolved "http://192.168.18.12:49155/has-bigints/-/has-bigints-1.0.1.tgz#64fe6acb020673e3b78db035a5af69aa9d07b113"
  integrity sha512-LSBS2LjbNBTf6287JEbEzvJgftkF5qFkmCo9hDRpAzKhUOlJ+hx8dd4USs00SgsUNwc4617J9ki5YtEClM2ffA==

has-symbols@^1.0.1, has-symbols@^1.0.2:
  version "1.0.2"
  resolved "http://192.168.18.12:49155/has-symbols/-/has-symbols-1.0.2.tgz#165d3070c00309752a1236a479331e3ac56f1423"
  integrity sha512-chXa79rL/UC2KlX17jo3vRGz0azaWEx5tGqZg5pO3NUyEJVB17dMruQlzCCOfUvElghKcm5194+BCRvi2Rv/Gw==

has-tostringtag@^1.0.0:
  version "1.0.0"
  resolved "http://192.168.18.12:49155/has-tostringtag/-/has-tostringtag-1.0.0.tgz#7e133818a7d394734f941e73c3d3f9291e658b25"
  integrity sha512-kFjcSNhnlGV1kyoGk7OXKSawH5JOb/LzUc5w9B02hOTO0dfFRjbHQKvg1d6cf3HbeUmtU9VbbV3qzZ2Teh97WQ==
  dependencies:
    has-symbols "^1.0.2"

has@^1.0.3:
  version "1.0.3"
  resolved "http://192.168.18.12:49155/has/-/has-1.0.3.tgz#722d7cbfc1f6aa8241f16dd814e011e1f41e8796"
  integrity sha512-f2dvO0VU6Oej7RkWJGrehjbzMAjFp5/VKPp5tTpWIV4JHHZK1/BxbFRtf/siA2SWTe09caDmVtYYzWEIbBS4zw==
  dependencies:
    function-bind "^1.1.1"

internal-slot@^1.0.3:
  version "1.0.3"
  resolved "http://192.168.18.12:49155/internal-slot/-/internal-slot-1.0.3.tgz#7347e307deeea2faac2ac6205d4bc7d34967f59c"
  integrity sha512-O0DB1JC/sPyZl7cIo78n5dR7eUSwwpYPiXRhTzNxZVAMUuB8vlnRFyLxdrVToks6XPLVnFfbzaVd5WLjhgg+vA==
  dependencies:
    get-intrinsic "^1.1.0"
    has "^1.0.3"
    side-channel "^1.0.4"

is-arguments@^1.0.4, is-arguments@^1.1.0:
  version "1.1.1"
  resolved "http://192.168.18.12:49155/is-arguments/-/is-arguments-1.1.1.tgz#15b3f88fda01f2a97fec84ca761a560f123efa9b"
  integrity sha512-8Q7EARjzEnKpt/PCD7e1cgUS0a6X8u5tdSiMqXhojOdoV9TsMsiO+9VLC5vAmO8N7/GmXn7yjR8qnA6bVAEzfA==
  dependencies:
    call-bind "^1.0.2"
    has-tostringtag "^1.0.0"

is-bigint@^1.0.1:
  version "1.0.4"
  resolved "http://192.168.18.12:49155/is-bigint/-/is-bigint-1.0.4.tgz#08147a1875bc2b32005d41ccd8291dffc6691df3"
  integrity sha512-zB9CruMamjym81i2JZ3UMn54PKGsQzsJeo6xvN3HJJ4CAsQNB6iRutp2To77OfCNuoxspsIhzaPoO1zyCEhFOg==
  dependencies:
    has-bigints "^1.0.1"

is-boolean-object@^1.1.0:
  version "1.1.2"
  resolved "http://192.168.18.12:49155/is-boolean-object/-/is-boolean-object-1.1.2.tgz#5c6dc200246dd9321ae4b885a114bb1f75f63719"
  integrity sha512-gDYaKHJmnj4aWxyj6YHyXVpdQawtVLHU5cb+eztPGczf6cjuTdwve5ZIEfgXqH4e57An1D1AKf8CZ3kYrQRqYA==
  dependencies:
    call-bind "^1.0.2"
    has-tostringtag "^1.0.0"

is-callable@^1.1.4, is-callable@^1.2.4:
  version "1.2.4"
  resolved "http://192.168.18.12:49155/is-callable/-/is-callable-1.2.4.tgz#47301d58dd0259407865547853df6d61fe471945"
  integrity sha512-nsuwtxZfMX67Oryl9LCQ+upnC0Z0BgpwntpS89m1H/TLF0zNfzfLMV/9Wa/6MZsj0acpEjAO0KF1xT6ZdLl95w==

is-date-object@^1.0.1, is-date-object@^1.0.2:
  version "1.0.5"
  resolved "http://192.168.18.12:49155/is-date-object/-/is-date-object-1.0.5.tgz#0841d5536e724c25597bf6ea62e1bd38298df31f"
  integrity sha512-9YQaSxsAiSwcvS33MBk3wTCVnWK+HhF8VZR2jRxehM16QcVOdHqPn4VPHmRK4lSr38n9JriurInLcP90xsYNfQ==
  dependencies:
    has-tostringtag "^1.0.0"

is-map@^2.0.1, is-map@^2.0.2:
  version "2.0.2"
  resolved "http://192.168.18.12:49155/is-map/-/is-map-2.0.2.tgz#00922db8c9bf73e81b7a335827bc2a43f2b91127"
  integrity sha512-cOZFQQozTha1f4MxLFzlgKYPTyj26picdZTx82hbc/Xf4K/tZOOXSCkMvU4pKioRXGDLJRn0GM7Upe7kR721yg==

is-negative-zero@^2.0.1:
  version "2.0.1"
  resolved "http://192.168.18.12:49155/is-negative-zero/-/is-negative-zero-2.0.1.tgz#3de746c18dda2319241a53675908d8f766f11c24"
  integrity sha512-2z6JzQvZRa9A2Y7xC6dQQm4FSTSTNWjKIYYTt4246eMTJmIo0Q+ZyOsU66X8lxK1AbB92dFeglPLrhwpeRKO6w==

is-number-object@^1.0.4:
  version "1.0.6"
  resolved "http://192.168.18.12:49155/is-number-object/-/is-number-object-1.0.6.tgz#6a7aaf838c7f0686a50b4553f7e54a96494e89f0"
  integrity sha512-bEVOqiRcvo3zO1+G2lVMy+gkkEm9Yh7cDMRusKKu5ZJKPUYSJwICTKZrNKHA2EbSP0Tu0+6B/emsYNHZyn6K8g==
  dependencies:
    has-tostringtag "^1.0.0"

is-regex@^1.1.1, is-regex@^1.1.4:
  version "1.1.4"
  resolved "http://192.168.18.12:49155/is-regex/-/is-regex-1.1.4.tgz#eef5663cd59fa4c0ae339505323df6854bb15958"
  integrity sha512-kvRdxDsxZjhzUX07ZnLydzS1TU/TJlTUHHY4YLL87e37oUA49DfkLqgy+VjFocowy29cKvcSiu+kIv728jTTVg==
  dependencies:
    call-bind "^1.0.2"
    has-tostringtag "^1.0.0"

is-set@^2.0.1, is-set@^2.0.2:
  version "2.0.2"
  resolved "http://192.168.18.12:49155/is-set/-/is-set-2.0.2.tgz#90755fa4c2562dc1c5d4024760d6119b94ca18ec"
  integrity sha512-+2cnTEZeY5z/iXGbLhPrOAaK/Mau5k5eXq9j14CpRTftq0pAJu2MwVRSZhyZWBzx3o6X795Lz6Bpb6R0GKf37g==

is-shared-array-buffer@^1.0.1:
  version "1.0.1"
  resolved "http://192.168.18.12:49155/is-shared-array-buffer/-/is-shared-array-buffer-1.0.1.tgz#97b0c85fbdacb59c9c446fe653b82cf2b5b7cfe6"
  integrity sha512-IU0NmyknYZN0rChcKhRO1X8LYz5Isj/Fsqh8NJOSf+N/hCOTwy29F32Ik7a+QszE63IdvmwdTPDd6cZ5pg4cwA==

is-string@^1.0.5, is-string@^1.0.7:
  version "1.0.7"
  resolved "http://192.168.18.12:49155/is-string/-/is-string-1.0.7.tgz#0dd12bf2006f255bb58f695110eff7491eebc0fd"
  integrity sha512-tE2UXzivje6ofPW7l23cjDOMa09gb7xlAqG6jG5ej6uPV32TlWP3NKPigtaGeHNu9fohccRYvIiZMfOOnOYUtg==
  dependencies:
    has-tostringtag "^1.0.0"

is-symbol@^1.0.2, is-symbol@^1.0.3:
  version "1.0.4"
  resolved "http://192.168.18.12:49155/is-symbol/-/is-symbol-1.0.4.tgz#a6dac93b635b063ca6872236de88910a57af139c"
  integrity sha512-C/CPBqKWnvdcxqIARxyOh4v1UUEOCHpgDa0WYgpKDFMszcrPcffg5uhwSgPCLD2WWxmq6isisz87tzT01tuGhg==
  dependencies:
    has-symbols "^1.0.2"

is-typed-array@^1.1.7:
  version "1.1.8"
  resolved "http://192.168.18.12:49155/is-typed-array/-/is-typed-array-1.1.8.tgz#cbaa6585dc7db43318bc5b89523ea384a6f65e79"
  integrity sha512-HqH41TNZq2fgtGT8WHVFVJhBVGuY3AnP3Q36K8JKXUxSxRgk/d+7NjmwG2vo2mYmXK8UYZKu0qH8bVP5gEisjA==
  dependencies:
    available-typed-arrays "^1.0.5"
    call-bind "^1.0.2"
    es-abstract "^1.18.5"
    foreach "^2.0.5"
    has-tostringtag "^1.0.0"

is-weakmap@^2.0.1:
  version "2.0.1"
  resolved "http://192.168.18.12:49155/is-weakmap/-/is-weakmap-2.0.1.tgz#5008b59bdc43b698201d18f62b37b2ca243e8cf2"
  integrity sha512-NSBR4kH5oVj1Uwvv970ruUkCV7O1mzgVFO4/rev2cLRda9Tm9HrL70ZPut4rOHgY0FNrUu9BCbXA2sdQ+x0chA==

is-weakref@^1.0.1:
  version "1.0.1"
  resolved "http://192.168.18.12:49155/is-weakref/-/is-weakref-1.0.1.tgz#842dba4ec17fa9ac9850df2d6efbc1737274f2a2"
  integrity sha512-b2jKc2pQZjaeFYWEf7ScFj+Be1I+PXmlu572Q8coTXZ+LD/QQZ7ShPMst8h16riVgyXTQwUsFEl74mDvc/3MHQ==
  dependencies:
    call-bind "^1.0.0"

is-weakset@^2.0.1:
  version "2.0.1"
  resolved "http://192.168.18.12:49155/is-weakset/-/is-weakset-2.0.1.tgz#e9a0af88dbd751589f5e50d80f4c98b780884f83"
  integrity sha512-pi4vhbhVHGLxohUw7PhGsueT4vRGFoXhP7+RGN0jKIv9+8PWYCQTqtADngrxOm2g46hoH0+g8uZZBzMrvVGDmw==

isarray@^2.0.5:
  version "2.0.5"
  resolved "http://192.168.18.12:49155/isarray/-/isarray-2.0.5.tgz#8af1e4c1221244cc62459faf38940d4e644a5723"
  integrity sha512-xHjhDr3cNBK0BzdUJSPXZntQUx/mwMS5Rw4A7lPJ90XGAO6ISP/ePDNuo0vhqOZU+UD5JoodwCAAoZQd3FeAKw==

node-watch@^0.6.3:
  version "0.6.4"
  resolved "http://192.168.18.12:49155/node-watch/-/node-watch-0.6.4.tgz#50e564046eb7be15151c25f9c5aac4b5f495c291"
  integrity sha512-cI6CHzivIFESe8djiK3Wh90CtWQBxLwMem8x8S+2GSvCvFgoMuOKVlfJtQ/2v3Afg3wOnHl/+tXotEs8z5vOrg==

object-inspect@^1.11.0, object-inspect@^1.9.0:
  version "1.11.1"
  resolved "http://192.168.18.12:49155/object-inspect/-/object-inspect-1.11.1.tgz#d4bd7d7de54b9a75599f59a00bd698c1f1c6549b"
  integrity sha512-If7BjFlpkzzBeV1cqgT3OSWT3azyoxDGajR+iGnFBfVV2EWyDyWaZZW2ERDjUaY2QM8i5jI3Sj7mhsM4DDAqWA==

object-is@^1.1.4:
  version "1.1.5"
  resolved "http://192.168.18.12:49155/object-is/-/object-is-1.1.5.tgz#b9deeaa5fc7f1846a0faecdceec138e5778f53ac"
  integrity sha512-3cyDsyHgtmi7I7DfSSI2LDp6SK2lwvtbg0p0R1e0RvTqF5ceGx+K2dfSjm1bKDMVCFEDAQvy+o8c6a7VujOddw==
  dependencies:
    call-bind "^1.0.2"
    define-properties "^1.1.3"

object-keys@^1.0.12, object-keys@^1.1.1:
  version "1.1.1"
  resolved "http://192.168.18.12:49155/object-keys/-/object-keys-1.1.1.tgz#1c47f272df277f3b1daf061677d9c82e2322c60e"
  integrity sha512-NuAESUOUMrlIXOfHKzD6bpPu3tYt3xvjNdRIQ+FeT0lNb4K8WR70CaDxhuNguS2XG+GjkyMwOzsN5ZktImfhLA==

object.assign@^4.1.2:
  version "4.1.2"
  resolved "http://192.168.18.12:49155/object.assign/-/object.assign-4.1.2.tgz#0ed54a342eceb37b38ff76eb831a0e788cb63940"
  integrity sha512-ixT2L5THXsApyiUPYKmW+2EHpXXe5Ii3M+f4e+aJFAHao5amFRW6J0OO6c/LU8Be47utCx2GL89hxGB6XSmKuQ==
  dependencies:
    call-bind "^1.0.0"
    define-properties "^1.1.3"
    has-symbols "^1.0.1"
    object-keys "^1.1.1"

regexp.prototype.flags@^1.3.0:
  version "1.3.1"
  resolved "http://192.168.18.12:49155/regexp.prototype.flags/-/regexp.prototype.flags-1.3.1.tgz#7ef352ae8d159e758c0eadca6f8fcb4eef07be26"
  integrity sha512-JiBdRBq91WlY7uRJ0ds7R+dU02i6LKi8r3BuQhNXn+kmeLN+EfHhfjqMRis1zJxnlu88hq/4dx0P2OP3APRTOA==
  dependencies:
    call-bind "^1.0.2"
    define-properties "^1.1.3"

side-channel@^1.0.3, side-channel@^1.0.4:
  version "1.0.4"
  resolved "http://192.168.18.12:49155/side-channel/-/side-channel-1.0.4.tgz#efce5c8fdc104ee751b25c58d4290011fa5ea2cf"
  integrity sha512-q5XPytqFEIKHkGdiMIrY10mvLRvnQh42/+GoBlFW3b2LXLE2xxJpZFdm94we0BaoV3RwJyGqg5wS7epxTv0Zvw==
  dependencies:
    call-bind "^1.0.0"
    get-intrinsic "^1.0.2"
    object-inspect "^1.9.0"

string.prototype.trimend@^1.0.4:
  version "1.0.4"
  resolved "http://192.168.18.12:49155/string.prototype.trimend/-/string.prototype.trimend-1.0.4.tgz#e75ae90c2942c63504686c18b287b4a0b1a45f80"
  integrity sha512-y9xCjw1P23Awk8EvTpcyL2NIr1j7wJ39f+k6lvRnSMz+mz9CGz9NYPelDk42kOz6+ql8xjfK8oYzy3jAP5QU5A==
  dependencies:
    call-bind "^1.0.2"
    define-properties "^1.1.3"

string.prototype.trimstart@^1.0.4:
  version "1.0.4"
  resolved "http://192.168.18.12:49155/string.prototype.trimstart/-/string.prototype.trimstart-1.0.4.tgz#b36399af4ab2999b4c9c648bd7a3fb2bb26feeed"
  integrity sha512-jh6e984OBfvxS50tdY2nRZnoC5/mLFKOREQfw8t5yytkoUsJRNxvI/E39qu1sD0OtWI3OC0XgKSmcWwziwYuZw==
  dependencies:
    call-bind "^1.0.2"
    define-properties "^1.1.3"

unbox-primitive@^1.0.1:
  version "1.0.1"
  resolved "http://192.168.18.12:49155/unbox-primitive/-/unbox-primitive-1.0.1.tgz#085e215625ec3162574dc8859abee78a59b14471"
  integrity sha512-tZU/3NqK3dA5gpE1KtyiJUrEB0lxnGkMFHptJ7q6ewdZ8s12QrODwNbhIJStmJkd1QDXa1NRA8aF2A1zk/Ypyw==
  dependencies:
    function-bind "^1.1.1"
    has-bigints "^1.0.1"
    has-symbols "^1.0.2"
    which-boxed-primitive "^1.0.2"

which-boxed-primitive@^1.0.1, which-boxed-primitive@^1.0.2:
  version "1.0.2"
  resolved "http://192.168.18.12:49155/which-boxed-primitive/-/which-boxed-primitive-1.0.2.tgz#13757bc89b209b049fe5d86430e21cf40a89a8e6"
  integrity sha512-bwZdv0AKLpplFY2KZRX6TvyuN7ojjr7lwkg6ml0roIy9YeuSr7JS372qlNW18UQYzgYK9ziGcerWqZOmEn9VNg==
  dependencies:
    is-bigint "^1.0.1"
    is-boolean-object "^1.1.0"
    is-number-object "^1.0.4"
    is-string "^1.0.5"
    is-symbol "^1.0.3"

which-collection@^1.0.1:
  version "1.0.1"
  resolved "http://192.168.18.12:49155/which-collection/-/which-collection-1.0.1.tgz#70eab71ebbbd2aefaf32f917082fc62cdcb70906"
  integrity sha512-W8xeTUwaln8i3K/cY1nGXzdnVZlidBcagyNFtBdD5kxnb4TvGKR7FfSIS3mYpwWS1QUCutfKz8IY8RjftB0+1A==
  dependencies:
    is-map "^2.0.1"
    is-set "^2.0.1"
    is-weakmap "^2.0.1"
    is-weakset "^2.0.1"

which-typed-array@^1.1.2:
  version "1.1.7"
  resolved "http://192.168.18.12:49155/which-typed-array/-/which-typed-array-1.1.7.tgz#2761799b9a22d4b8660b3c1b40abaa7739691793"
  integrity sha512-vjxaB4nfDqwKI0ws7wZpxIlde1XrLX5uB0ZjpfshgmapJMD7jJWhZI+yToJTqaFByF0eNBcYxbjmCzoRP7CfEw==
  dependencies:
    available-typed-arrays "^1.0.5"
    call-bind "^1.0.2"
    es-abstract "^1.18.5"
    foreach "^2.0.5"
    has-tostringtag "^1.0.0"
    is-typed-array "^1.1.7"

ws@^8.2.3:
  version "8.3.0"
  resolved "http://192.168.18.12:49155/ws/-/ws-8.3.0.tgz#7185e252c8973a60d57170175ff55fdbd116070d"
  integrity sha512-Gs5EZtpqZzLvmIM59w4igITU57lrtYVFneaa434VROv4thzJyV6UjIL3D42lslWlI+D4KzLYnxSwtfuiO79sNw==
